# This file is automatically @generated by Cargo.
# It is not intended for manual editing.
version = 3

[[package]]
name = "aoc-2024"
version = "0.1.0"
dependencies = [
 "itermore",
]

[[package]]
name = "arrays"
version = "0.2.0"
source = "registry+https://github.com/rust-lang/crates.io-index"
checksum = "3c9810d892911da7c1cc723e12a5c47645ae4f82daf5e6d73cc73f1cc6fcf1e1"

[[package]]
name = "itermore"
version = "0.7.1"
source = "registry+https://github.com/rust-lang/crates.io-index"
checksum = "fed0daf803a3818d3693fe1fdd82d8ac0f41d0ea3f05709d5e144c4eb2b85ba5"
dependencies = [
 "arrays",
]
